
Microsoft Visual Studio Solution File, Format Version 12.00
# Visual Studio 14
VisualStudioVersion = 14.0.25420.1
MinimumVisualStudioVersion = 10.0.40219.1
Project("{FAE04EC0-301F-11D3-BF4B-00C04F79EFBC}") = "MathTeachingAids", "MathTeachingAids\MathTeachingAids.csproj", "{AEF78FD4-5722-4B36-A6DA-D0CD9D0544F0}"
EndProject
Project("{FAE04EC0-301F-11D3-BF4B-00C04F79EFBC}") = "ScoreAnalyze", "ScoreAnalyze\ScoreAnalyze.csproj", "{757A3644-2CA7-40B3-98C2-8AAB095A54B2}"
EndProject
Global
	GlobalSection(SolutionConfigurationPlatforms) = preSolution
		Debug|Any CPU = Debug|Any CPU
		Release|Any CPU = Release|Any CPU
	EndGlobalSection
	GlobalSection(ProjectConfigurationPlatforms) = postSolution
		{AEF78FD4-5722-4B36-A6DA-D0CD9D0544F0}.Debug|Any CPU.ActiveCfg = Debug|Any CPU
		{AEF78FD4-5722-4B36-A6DA-D0CD9D0544F0}.Debug|Any CPU.Build.0 = Debug|Any CPU
		{AEF78FD4-5722-4B36-A6DA-D0CD9D0544F0}.Release|Any CPU.ActiveCfg = Release|Any CPU
		{AEF78FD4-5722-4B36-A6DA-D0CD9D0544F0}.Release|Any CPU.Build.0 = Release|Any CPU
		{757A3644-2CA7-40B3-98C2-8AAB095A54B2}.Debug|Any CPU.ActiveCfg = Debug|Any CPU
		{757A3644-2CA7-40B3-98C2-8AAB095A54B2}.Debug|Any CPU.Build.0 = Debug|Any CPU
		{757A3644-2CA7-40B3-98C2-8AAB095A54B2}.Release|Any CPU.ActiveCfg = Release|Any CPU
		{757A3644-2CA7-40B3-98C2-8AAB095A54B2}.Release|Any CPU.Build.0 = Release|Any CPU
	EndGlobalSection
	GlobalSection(SolutionProperties) = preSolution
		HideSolutionNode = FALSE
	EndGlobalSection
EndGlobal
